
Microsoft Visual Studio Solution File, Format Version 12.00
Project("{FAE04EC0-301F-11D3-BF4B-00C04F79EFBC}") = "DataSaver", "DataSaver.csproj", "{A392E088-5B0B-49B0-AE8B-730E91A443CC}"
EndProject
Global
	GlobalSection(SolutionConfigurationPlatforms) = preSolution
		Debug|Any CPU = Debug|Any CPU
		Release|Any CPU = Release|Any CPU
	EndGlobalSection
	GlobalSection(ProjectConfigurationPlatforms) = postSolution
		{A392E088-5B0B-49B0-AE8B-730E91A443CC}.Debug|Any CPU.ActiveCfg = Debug|Any CPU
		{A392E088-5B0B-49B0-AE8B-730E91A443CC}.Debug|Any CPU.Build.0 = Debug|Any CPU
		{A392E088-5B0B-49B0-AE8B-730E91A443CC}.Release|Any CPU.ActiveCfg = Release|Any CPU
		{A392E088-5B0B-49B0-AE8B-730E91A443CC}.Release|Any CPU.Build.0 = Release|Any CPU
	EndGlobalSection
EndGlobal
